// !$*UTF8*$!
{
	archiveVersion = 1;
	classes = {
	};
	objectVersion = 56;
	objects = {

/* Begin PBXBuildFile section */
		D460DB3C2AC2585D009A9959 /* AppDelegate.swift in Sources */ = {isa = PBXBuildFile; fileRef = D460DB3B2AC2585D009A9959 /* AppDelegate.swift */; };
		D460DB3E2AC2585D009A9959 /* SceneDelegate.swift in Sources */ = {isa = PBXBuildFile; fileRef = D460DB3D2AC2585D009A9959 /* SceneDelegate.swift */; };
		D460DB452AC2585F009A9959 /* Assets.xcassets in Resources */ = {isa = PBXBuildFile; fileRef = D460DB442AC2585F009A9959 /* Assets.xcassets */; };
		D460DB482AC2585F009A9959 /* LaunchScreen.storyboard in Resources */ = {isa = PBXBuildFile; fileRef = D460DB462AC2585F009A9959 /* LaunchScreen.storyboard */; };
		D460DB532AC2585F009A9959 /* TheSongsAppTests.swift in Sources */ = {isa = PBXBuildFile; fileRef = D460DB522AC2585F009A9959 /* TheSongsAppTests.swift */; };
		D460DB5D2AC2585F009A9959 /* TheSongsAppUITests.swift in Sources */ = {isa = PBXBuildFile; fileRef = D460DB5C2AC2585F009A9959 /* TheSongsAppUITests.swift */; };
		D460DB5F2AC2585F009A9959 /* TheSongsAppUITestsLaunchTests.swift in Sources */ = {isa = PBXBuildFile; fileRef = D460DB5E2AC2585F009A9959 /* TheSongsAppUITestsLaunchTests.swift */; };
		D460DB712AC3B532009A9959 /* SongSearchViewController.swift in Sources */ = {isa = PBXBuildFile; fileRef = D460DB702AC3B532009A9959 /* SongSearchViewController.swift */; };
		D460DB732AC3B541009A9959 /* SongSearchViewModel.swift in Sources */ = {isa = PBXBuildFile; fileRef = D460DB722AC3B541009A9959 /* SongSearchViewModel.swift */; };
		D460DB772AC3C19F009A9959 /* WebService.swift in Sources */ = {isa = PBXBuildFile; fileRef = D460DB762AC3C19F009A9959 /* WebService.swift */; };
		D460DB7A2AC3C1C9009A9959 /* EndpointsProtocol.swift in Sources */ = {isa = PBXBuildFile; fileRef = D460DB792AC3C1C9009A9959 /* EndpointsProtocol.swift */; };
		D460DB7C2AC3C2F2009A9959 /* ITunesAPIEndpoint.swift in Sources */ = {isa = PBXBuildFile; fileRef = D460DB7B2AC3C2F2009A9959 /* ITunesAPIEndpoint.swift */; };
		D460DB7F2AC3C609009A9959 /* SongsRepository.swift in Sources */ = {isa = PBXBuildFile; fileRef = D460DB7E2AC3C609009A9959 /* SongsRepository.swift */; };
		D460DB822AC3C644009A9959 /* SongModel.swift in Sources */ = {isa = PBXBuildFile; fileRef = D460DB812AC3C644009A9959 /* SongModel.swift */; };
		D460DB862AC4D744009A9959 /* ITunesAPISongsRepository.swift in Sources */ = {isa = PBXBuildFile; fileRef = D460DB852AC4D744009A9959 /* ITunesAPISongsRepository.swift */; };
		D460DB892AC4D787009A9959 /* ITunesAPISongsListDTO.swift in Sources */ = {isa = PBXBuildFile; fileRef = D460DB882AC4D787009A9959 /* ITunesAPISongsListDTO.swift */; };
		D460DB8B2AC4D797009A9959 /* ITunesAPISongDTO.swift in Sources */ = {isa = PBXBuildFile; fileRef = D460DB8A2AC4D797009A9959 /* ITunesAPISongDTO.swift */; };
		D460DB8D2AC4DC8B009A9959 /* DTOProtocol.swift in Sources */ = {isa = PBXBuildFile; fileRef = D460DB8C2AC4DC8B009A9959 /* DTOProtocol.swift */; };
		D460DB902AC4FF07009A9959 /* LossyDecodableList.swift in Sources */ = {isa = PBXBuildFile; fileRef = D460DB8F2AC4FF07009A9959 /* LossyDecodableList.swift */; };
		D460DB922AC5C02D009A9959 /* ReusableCellProtocol.swift in Sources */ = {isa = PBXBuildFile; fileRef = D460DB912AC5C02D009A9959 /* ReusableCellProtocol.swift */; };
		D460DB952AC5C099009A9959 /* UITableViewCell.swift in Sources */ = {isa = PBXBuildFile; fileRef = D460DB942AC5C099009A9959 /* UITableViewCell.swift */; };
		D460DB972AC5C129009A9959 /* UITableView.swift in Sources */ = {isa = PBXBuildFile; fileRef = D460DB962AC5C129009A9959 /* UITableView.swift */; };
		D460DB9A2AC60324009A9959 /* ImagesRepository.swift in Sources */ = {isa = PBXBuildFile; fileRef = D460DB992AC60324009A9959 /* ImagesRepository.swift */; };
		D460DB9C2AC603AF009A9959 /* RemoteImagesRepository.swift in Sources */ = {isa = PBXBuildFile; fileRef = D460DB9B2AC603AF009A9959 /* RemoteImagesRepository.swift */; };
		D460DB9E2AC605C8009A9959 /* ImagesRepositoryInjection.swift in Sources */ = {isa = PBXBuildFile; fileRef = D460DB9D2AC605C8009A9959 /* ImagesRepositoryInjection.swift */; };
		D460DBA02AC6060B009A9959 /* SongsRepositoryInjection.swift in Sources */ = {isa = PBXBuildFile; fileRef = D460DB9F2AC6060B009A9959 /* SongsRepositoryInjection.swift */; };
		D460DBA22AC60800009A9959 /* WebServiceProtocol.swift in Sources */ = {isa = PBXBuildFile; fileRef = D460DBA12AC60800009A9959 /* WebServiceProtocol.swift */; };
		D460DBA42AC6084F009A9959 /* WebServiceInjection.swift in Sources */ = {isa = PBXBuildFile; fileRef = D460DBA32AC6084F009A9959 /* WebServiceInjection.swift */; };
		D460DBA62AC64375009A9959 /* CoordinatorProtocol.swift in Sources */ = {isa = PBXBuildFile; fileRef = D460DBA52AC64375009A9959 /* CoordinatorProtocol.swift */; };
		D460DBA92AC643D9009A9959 /* AplicationCoordinator.swift in Sources */ = {isa = PBXBuildFile; fileRef = D460DBA82AC643D9009A9959 /* AplicationCoordinator.swift */; };
		D460DBAB2AC645E7009A9959 /* SongsCoordinator.swift in Sources */ = {isa = PBXBuildFile; fileRef = D460DBAA2AC645E6009A9959 /* SongsCoordinator.swift */; };
		D460DBAE2AC64745009A9959 /* PlayerViewController.swift in Sources */ = {isa = PBXBuildFile; fileRef = D460DBAD2AC64745009A9959 /* PlayerViewController.swift */; };
		D460DBB02AC6474D009A9959 /* PlayerViewModel.swift in Sources */ = {isa = PBXBuildFile; fileRef = D460DBAF2AC6474D009A9959 /* PlayerViewModel.swift */; };
		D460DBB22AC6555C009A9959 /* BaseViewController.swift in Sources */ = {isa = PBXBuildFile; fileRef = D460DBB12AC6555C009A9959 /* BaseViewController.swift */; };
		D460DBB42AC6562C009A9959 /* PlayerView.swift in Sources */ = {isa = PBXBuildFile; fileRef = D460DBB32AC6562C009A9959 /* PlayerView.swift */; };
		D460DBB72AC7152A009A9959 /* TSASlider.swift in Sources */ = {isa = PBXBuildFile; fileRef = D460DBB62AC7152A009A9959 /* TSASlider.swift */; };
		D460DBB92AC71F53009A9959 /* UINavigationController.swift in Sources */ = {isa = PBXBuildFile; fileRef = D460DBB82AC71F53009A9959 /* UINavigationController.swift */; };
		D460DBBC2AC734A5009A9959 /* MusicPlayerService.swift in Sources */ = {isa = PBXBuildFile; fileRef = D460DBBB2AC734A5009A9959 /* MusicPlayerService.swift */; };
		D460DBC22AC75F5C009A9959 /* Double.swift in Sources */ = {isa = PBXBuildFile; fileRef = D460DBC12AC75F5C009A9959 /* Double.swift */; };
		D460DBC52AC7A58E009A9959 /* SongOptionsView.swift in Sources */ = {isa = PBXBuildFile; fileRef = D460DBC42AC7A58E009A9959 /* SongOptionsView.swift */; };
		D460DBC72AC7A5A6009A9959 /* SongOptionsViewController.swift in Sources */ = {isa = PBXBuildFile; fileRef = D460DBC62AC7A5A6009A9959 /* SongOptionsViewController.swift */; };
		D460DBC92AC7A5B1009A9959 /* SongOptionsViewModel.swift in Sources */ = {isa = PBXBuildFile; fileRef = D460DBC82AC7A5B1009A9959 /* SongOptionsViewModel.swift */; };
		D460DBCD2AC8A9FA009A9959 /* TSASongTableViewCell.swift in Sources */ = {isa = PBXBuildFile; fileRef = D460DBCC2AC8A9FA009A9959 /* TSASongTableViewCell.swift */; };
		D460DBD02AC8AB3C009A9959 /* AlbumSongsViewController.swift in Sources */ = {isa = PBXBuildFile; fileRef = D460DBCF2AC8AB3C009A9959 /* AlbumSongsViewController.swift */; };
		D460DBD22AC8AB46009A9959 /* AlbumSongsViewModel.swift in Sources */ = {isa = PBXBuildFile; fileRef = D460DBD12AC8AB46009A9959 /* AlbumSongsViewModel.swift */; };
		D460DBD42AC8AC9C009A9959 /* AlbumModel.swift in Sources */ = {isa = PBXBuildFile; fileRef = D460DBD32AC8AC9C009A9959 /* AlbumModel.swift */; };
/* End PBXBuildFile section */

/* Begin PBXContainerItemProxy section */
		D460DB4F2AC2585F009A9959 /* PBXContainerItemProxy */ = {
			isa = PBXContainerItemProxy;
			containerPortal = D460DB302AC2585D009A9959 /* Project object */;
			proxyType = 1;
			remoteGlobalIDString = D460DB372AC2585D009A9959;
			remoteInfo = TheSongsApp;
		};
		D460DB592AC2585F009A9959 /* PBXContainerItemProxy */ = {
			isa = PBXContainerItemProxy;
			containerPortal = D460DB302AC2585D009A9959 /* Project object */;
			proxyType = 1;
			remoteGlobalIDString = D460DB372AC2585D009A9959;
			remoteInfo = TheSongsApp;
		};
/* End PBXContainerItemProxy section */

/* Begin PBXFileReference section */
		D460DB382AC2585D009A9959 /* TheSongsApp.app */ = {isa = PBXFileReference; explicitFileType = wrapper.application; includeInIndex = 0; path = TheSongsApp.app; sourceTree = BUILT_PRODUCTS_DIR; };
		D460DB3B2AC2585D009A9959 /* AppDelegate.swift */ = {isa = PBXFileReference; lastKnownFileType = sourcecode.swift; path = AppDelegate.swift; sourceTree = "<group>"; };
		D460DB3D2AC2585D009A9959 /* SceneDelegate.swift */ = {isa = PBXFileReference; lastKnownFileType = sourcecode.swift; path = SceneDelegate.swift; sourceTree = "<group>"; };
		D460DB442AC2585F009A9959 /* Assets.xcassets */ = {isa = PBXFileReference; lastKnownFileType = folder.assetcatalog; path = Assets.xcassets; sourceTree = "<group>"; };
		D460DB472AC2585F009A9959 /* Base */ = {isa = PBXFileReference; lastKnownFileType = file.storyboard; name = Base; path = Base.lproj/LaunchScreen.storyboard; sourceTree = "<group>"; };
		D460DB492AC2585F009A9959 /* Info.plist */ = {isa = PBXFileReference; lastKnownFileType = text.plist.xml; path = Info.plist; sourceTree = "<group>"; };
		D460DB4E2AC2585F009A9959 /* TheSongsAppTests.xctest */ = {isa = PBXFileReference; explicitFileType = wrapper.cfbundle; includeInIndex = 0; path = TheSongsAppTests.xctest; sourceTree = BUILT_PRODUCTS_DIR; };
		D460DB522AC2585F009A9959 /* TheSongsAppTests.swift */ = {isa = PBXFileReference; lastKnownFileType = sourcecode.swift; path = TheSongsAppTests.swift; sourceTree = "<group>"; };
		D460DB582AC2585F009A9959 /* TheSongsAppUITests.xctest */ = {isa = PBXFileReference; explicitFileType = wrapper.cfbundle; includeInIndex = 0; path = TheSongsAppUITests.xctest; sourceTree = BUILT_PRODUCTS_DIR; };
		D460DB5C2AC2585F009A9959 /* TheSongsAppUITests.swift */ = {isa = PBXFileReference; lastKnownFileType = sourcecode.swift; path = TheSongsAppUITests.swift; sourceTree = "<group>"; };
		D460DB5E2AC2585F009A9959 /* TheSongsAppUITestsLaunchTests.swift */ = {isa = PBXFileReference; lastKnownFileType = sourcecode.swift; path = TheSongsAppUITestsLaunchTests.swift; sourceTree = "<group>"; };
		D460DB702AC3B532009A9959 /* SongSearchViewController.swift */ = {isa = PBXFileReference; lastKnownFileType = sourcecode.swift; path = SongSearchViewController.swift; sourceTree = "<group>"; };
		D460DB722AC3B541009A9959 /* SongSearchViewModel.swift */ = {isa = PBXFileReference; lastKnownFileType = sourcecode.swift; path = SongSearchViewModel.swift; sourceTree = "<group>"; };
		D460DB762AC3C19F009A9959 /* WebService.swift */ = {isa = PBXFileReference; lastKnownFileType = sourcecode.swift; path = WebService.swift; sourceTree = "<group>"; };
		D460DB792AC3C1C9009A9959 /* EndpointsProtocol.swift */ = {isa = PBXFileReference; lastKnownFileType = sourcecode.swift; path = EndpointsProtocol.swift; sourceTree = "<group>"; };
		D460DB7B2AC3C2F2009A9959 /* ITunesAPIEndpoint.swift */ = {isa = PBXFileReference; lastKnownFileType = sourcecode.swift; path = ITunesAPIEndpoint.swift; sourceTree = "<group>"; };
		D460DB7E2AC3C609009A9959 /* SongsRepository.swift */ = {isa = PBXFileReference; lastKnownFileType = sourcecode.swift; path = SongsRepository.swift; sourceTree = "<group>"; };
		D460DB812AC3C644009A9959 /* SongModel.swift */ = {isa = PBXFileReference; lastKnownFileType = sourcecode.swift; path = SongModel.swift; sourceTree = "<group>"; };
		D460DB852AC4D744009A9959 /* ITunesAPISongsRepository.swift */ = {isa = PBXFileReference; lastKnownFileType = sourcecode.swift; path = ITunesAPISongsRepository.swift; sourceTree = "<group>"; };
		D460DB882AC4D787009A9959 /* ITunesAPISongsListDTO.swift */ = {isa = PBXFileReference; lastKnownFileType = sourcecode.swift; path = ITunesAPISongsListDTO.swift; sourceTree = "<group>"; };
		D460DB8A2AC4D797009A9959 /* ITunesAPISongDTO.swift */ = {isa = PBXFileReference; lastKnownFileType = sourcecode.swift; path = ITunesAPISongDTO.swift; sourceTree = "<group>"; };
		D460DB8C2AC4DC8B009A9959 /* DTOProtocol.swift */ = {isa = PBXFileReference; lastKnownFileType = sourcecode.swift; path = DTOProtocol.swift; sourceTree = "<group>"; };
		D460DB8F2AC4FF07009A9959 /* LossyDecodableList.swift */ = {isa = PBXFileReference; lastKnownFileType = sourcecode.swift; path = LossyDecodableList.swift; sourceTree = "<group>"; };
		D460DB912AC5C02D009A9959 /* ReusableCellProtocol.swift */ = {isa = PBXFileReference; lastKnownFileType = sourcecode.swift; path = ReusableCellProtocol.swift; sourceTree = "<group>"; };
		D460DB942AC5C099009A9959 /* UITableViewCell.swift */ = {isa = PBXFileReference; lastKnownFileType = sourcecode.swift; path = UITableViewCell.swift; sourceTree = "<group>"; };
		D460DB962AC5C129009A9959 /* UITableView.swift */ = {isa = PBXFileReference; lastKnownFileType = sourcecode.swift; path = UITableView.swift; sourceTree = "<group>"; };
		D460DB992AC60324009A9959 /* ImagesRepository.swift */ = {isa = PBXFileReference; lastKnownFileType = sourcecode.swift; path = ImagesRepository.swift; sourceTree = "<group>"; };
		D460DB9B2AC603AF009A9959 /* RemoteImagesRepository.swift */ = {isa = PBXFileReference; lastKnownFileType = sourcecode.swift; path = RemoteImagesRepository.swift; sourceTree = "<group>"; };
		D460DB9D2AC605C8009A9959 /* ImagesRepositoryInjection.swift */ = {isa = PBXFileReference; lastKnownFileType = sourcecode.swift; path = ImagesRepositoryInjection.swift; sourceTree = "<group>"; };
		D460DB9F2AC6060B009A9959 /* SongsRepositoryInjection.swift */ = {isa = PBXFileReference; lastKnownFileType = sourcecode.swift; path = SongsRepositoryInjection.swift; sourceTree = "<group>"; };
		D460DBA12AC60800009A9959 /* WebServiceProtocol.swift */ = {isa = PBXFileReference; lastKnownFileType = sourcecode.swift; path = WebServiceProtocol.swift; sourceTree = "<group>"; };
		D460DBA32AC6084F009A9959 /* WebServiceInjection.swift */ = {isa = PBXFileReference; lastKnownFileType = sourcecode.swift; path = WebServiceInjection.swift; sourceTree = "<group>"; };
		D460DBA52AC64375009A9959 /* CoordinatorProtocol.swift */ = {isa = PBXFileReference; lastKnownFileType = sourcecode.swift; path = CoordinatorProtocol.swift; sourceTree = "<group>"; };
		D460DBA82AC643D9009A9959 /* AplicationCoordinator.swift */ = {isa = PBXFileReference; lastKnownFileType = sourcecode.swift; path = AplicationCoordinator.swift; sourceTree = "<group>"; };
		D460DBAA2AC645E6009A9959 /* SongsCoordinator.swift */ = {isa = PBXFileReference; lastKnownFileType = sourcecode.swift; path = SongsCoordinator.swift; sourceTree = "<group>"; };
		D460DBAD2AC64745009A9959 /* PlayerViewController.swift */ = {isa = PBXFileReference; lastKnownFileType = sourcecode.swift; path = PlayerViewController.swift; sourceTree = "<group>"; };
		D460DBAF2AC6474D009A9959 /* PlayerViewModel.swift */ = {isa = PBXFileReference; lastKnownFileType = sourcecode.swift; path = PlayerViewModel.swift; sourceTree = "<group>"; };
		D460DBB12AC6555C009A9959 /* BaseViewController.swift */ = {isa = PBXFileReference; lastKnownFileType = sourcecode.swift; path = BaseViewController.swift; sourceTree = "<group>"; };
		D460DBB32AC6562C009A9959 /* PlayerView.swift */ = {isa = PBXFileReference; lastKnownFileType = sourcecode.swift; path = PlayerView.swift; sourceTree = "<group>"; };
		D460DBB62AC7152A009A9959 /* TSASlider.swift */ = {isa = PBXFileReference; lastKnownFileType = sourcecode.swift; path = TSASlider.swift; sourceTree = "<group>"; };
		D460DBB82AC71F53009A9959 /* UINavigationController.swift */ = {isa = PBXFileReference; lastKnownFileType = sourcecode.swift; path = UINavigationController.swift; sourceTree = "<group>"; };
		D460DBBB2AC734A5009A9959 /* MusicPlayerService.swift */ = {isa = PBXFileReference; lastKnownFileType = sourcecode.swift; path = MusicPlayerService.swift; sourceTree = "<group>"; };
		D460DBC12AC75F5C009A9959 /* Double.swift */ = {isa = PBXFileReference; lastKnownFileType = sourcecode.swift; path = Double.swift; sourceTree = "<group>"; };
		D460DBC42AC7A58E009A9959 /* SongOptionsView.swift */ = {isa = PBXFileReference; lastKnownFileType = sourcecode.swift; path = SongOptionsView.swift; sourceTree = "<group>"; };
		D460DBC62AC7A5A6009A9959 /* SongOptionsViewController.swift */ = {isa = PBXFileReference; lastKnownFileType = sourcecode.swift; path = SongOptionsViewController.swift; sourceTree = "<group>"; };
		D460DBC82AC7A5B1009A9959 /* SongOptionsViewModel.swift */ = {isa = PBXFileReference; lastKnownFileType = sourcecode.swift; path = SongOptionsViewModel.swift; sourceTree = "<group>"; };
		D460DBCC2AC8A9FA009A9959 /* TSASongTableViewCell.swift */ = {isa = PBXFileReference; lastKnownFileType = sourcecode.swift; path = TSASongTableViewCell.swift; sourceTree = "<group>"; };
		D460DBCF2AC8AB3C009A9959 /* AlbumSongsViewController.swift */ = {isa = PBXFileReference; lastKnownFileType = sourcecode.swift; path = AlbumSongsViewController.swift; sourceTree = "<group>"; };
		D460DBD12AC8AB46009A9959 /* AlbumSongsViewModel.swift */ = {isa = PBXFileReference; lastKnownFileType = sourcecode.swift; path = AlbumSongsViewModel.swift; sourceTree = "<group>"; };
		D460DBD32AC8AC9C009A9959 /* AlbumModel.swift */ = {isa = PBXFileReference; lastKnownFileType = sourcecode.swift; path = AlbumModel.swift; sourceTree = "<group>"; };
/* End PBXFileReference section */

/* Begin PBXFrameworksBuildPhase section */
		D460DB352AC2585D009A9959 /* Frameworks */ = {
			isa = PBXFrameworksBuildPhase;
			buildActionMask = 2147483647;
			files = (
			);
			runOnlyForDeploymentPostprocessing = 0;
		};
		D460DB4B2AC2585F009A9959 /* Frameworks */ = {
			isa = PBXFrameworksBuildPhase;
			buildActionMask = 2147483647;
			files = (
			);
			runOnlyForDeploymentPostprocessing = 0;
		};
		D460DB552AC2585F009A9959 /* Frameworks */ = {
			isa = PBXFrameworksBuildPhase;
			buildActionMask = 2147483647;
			files = (
			);
			runOnlyForDeploymentPostprocessing = 0;
		};
/* End PBXFrameworksBuildPhase section */

/* Begin PBXGroup section */
		D460DB2F2AC2585D009A9959 = {
			isa = PBXGroup;
			children = (
				D460DB3A2AC2585D009A9959 /* TheSongsApp */,
				D460DB512AC2585F009A9959 /* TheSongsAppTests */,
				D460DB5B2AC2585F009A9959 /* TheSongsAppUITests */,
				D460DB392AC2585D009A9959 /* Products */,
			);
			sourceTree = "<group>";
		};
		D460DB392AC2585D009A9959 /* Products */ = {
			isa = PBXGroup;
			children = (
				D460DB382AC2585D009A9959 /* TheSongsApp.app */,
				D460DB4E2AC2585F009A9959 /* TheSongsAppTests.xctest */,
				D460DB582AC2585F009A9959 /* TheSongsAppUITests.xctest */,
			);
			name = Products;
			sourceTree = "<group>";
		};
		D460DB3A2AC2585D009A9959 /* TheSongsApp */ = {
			isa = PBXGroup;
			children = (
				D460DB6B2AC25D94009A9959 /* Application */,
				D460DBBA2AC7348D009A9959 /* Services */,
				D460DB802AC3C62A009A9959 /* Model */,
				D460DB752AC3C166009A9959 /* Network */,
				D460DB7D2AC3C5CF009A9959 /* Repositories */,
				D460DBA72AC643C5009A9959 /* Coordinators */,
				D460DB6E2AC25EA7009A9959 /* Scenes */,
				D460DB6C2AC25DDC009A9959 /* Shared */,
			);
			path = TheSongsApp;
			sourceTree = "<group>";
		};
		D460DB512AC2585F009A9959 /* TheSongsAppTests */ = {
			isa = PBXGroup;
			children = (
				D460DB522AC2585F009A9959 /* TheSongsAppTests.swift */,
			);
			path = TheSongsAppTests;
			sourceTree = "<group>";
		};
		D460DB5B2AC2585F009A9959 /* TheSongsAppUITests */ = {
			isa = PBXGroup;
			children = (
				D460DB5C2AC2585F009A9959 /* TheSongsAppUITests.swift */,
				D460DB5E2AC2585F009A9959 /* TheSongsAppUITestsLaunchTests.swift */,
			);
			path = TheSongsAppUITests;
			sourceTree = "<group>";
		};
		D460DB6B2AC25D94009A9959 /* Application */ = {
			isa = PBXGroup;
			children = (
				D460DB3B2AC2585D009A9959 /* AppDelegate.swift */,
				D460DB3D2AC2585D009A9959 /* SceneDelegate.swift */,
				D460DB492AC2585F009A9959 /* Info.plist */,
			);
			path = Application;
			sourceTree = "<group>";
		};
		D460DB6C2AC25DDC009A9959 /* Shared */ = {
			isa = PBXGroup;
			children = (
				D460DBB52AC71506009A9959 /* Components */,
				D460DB832AC4D5EB009A9959 /* Protocols */,
				D460DB932AC5C088009A9959 /* Extensions */,
				D460DB8E2AC4FEF3009A9959 /* Utils */,
				D460DB6D2AC25DF0009A9959 /* Resources */,
				D460DB462AC2585F009A9959 /* LaunchScreen.storyboard */,
			);
			path = Shared;
			sourceTree = "<group>";
		};
		D460DB6D2AC25DF0009A9959 /* Resources */ = {
			isa = PBXGroup;
			children = (
				D460DB442AC2585F009A9959 /* Assets.xcassets */,
			);
			path = Resources;
			sourceTree = "<group>";
		};
		D460DB6E2AC25EA7009A9959 /* Scenes */ = {
			isa = PBXGroup;
			children = (
				D460DB6F2AC3B510009A9959 /* SongSearch */,
				D460DBAC2AC64733009A9959 /* Player */,
				D460DBC32AC7A581009A9959 /* SongOptions */,
				D460DBCE2AC8AB1B009A9959 /* AlbumSongs */,
			);
			path = Scenes;
			sourceTree = "<group>";
		};
		D460DB6F2AC3B510009A9959 /* SongSearch */ = {
			isa = PBXGroup;
			children = (
				D460DB702AC3B532009A9959 /* SongSearchViewController.swift */,
				D460DB722AC3B541009A9959 /* SongSearchViewModel.swift */,
			);
			path = SongSearch;
			sourceTree = "<group>";
		};
		D460DB752AC3C166009A9959 /* Network */ = {
			isa = PBXGroup;
			children = (
				D460DBA32AC6084F009A9959 /* WebServiceInjection.swift */,
				D460DBA12AC60800009A9959 /* WebServiceProtocol.swift */,
				D460DB762AC3C19F009A9959 /* WebService.swift */,
				D460DB782AC3C1B3009A9959 /* Endpoints */,
			);
			path = Network;
			sourceTree = "<group>";
		};
		D460DB782AC3C1B3009A9959 /* Endpoints */ = {
			isa = PBXGroup;
			children = (
				D460DB792AC3C1C9009A9959 /* EndpointsProtocol.swift */,
				D460DB7B2AC3C2F2009A9959 /* ITunesAPIEndpoint.swift */,
			);
			path = Endpoints;
			sourceTree = "<group>";
		};
		D460DB7D2AC3C5CF009A9959 /* Repositories */ = {
			isa = PBXGroup;
			children = (
				D460DB982AC60312009A9959 /* ImagesRepository */,
				D460DB842AC4D722009A9959 /* SongsRepository */,
			);
			path = Repositories;
			sourceTree = "<group>";
		};
		D460DB802AC3C62A009A9959 /* Model */ = {
			isa = PBXGroup;
			children = (
				D460DB812AC3C644009A9959 /* SongModel.swift */,
				D460DBD32AC8AC9C009A9959 /* AlbumModel.swift */,
			);
			path = Model;
			sourceTree = "<group>";
		};
		D460DB832AC4D5EB009A9959 /* Protocols */ = {
			isa = PBXGroup;
			children = (
				D460DBA52AC64375009A9959 /* CoordinatorProtocol.swift */,
				D460DB8C2AC4DC8B009A9959 /* DTOProtocol.swift */,
				D460DB912AC5C02D009A9959 /* ReusableCellProtocol.swift */,
			);
			path = Protocols;
			sourceTree = "<group>";
		};
		D460DB842AC4D722009A9959 /* SongsRepository */ = {
			isa = PBXGroup;
			children = (
				D460DB9F2AC6060B009A9959 /* SongsRepositoryInjection.swift */,
				D460DB7E2AC3C609009A9959 /* SongsRepository.swift */,
				D460DB852AC4D744009A9959 /* ITunesAPISongsRepository.swift */,
				D460DB872AC4D758009A9959 /* DTOs */,
			);
			path = SongsRepository;
			sourceTree = "<group>";
		};
		D460DB872AC4D758009A9959 /* DTOs */ = {
			isa = PBXGroup;
			children = (
				D460DB882AC4D787009A9959 /* ITunesAPISongsListDTO.swift */,
				D460DB8A2AC4D797009A9959 /* ITunesAPISongDTO.swift */,
			);
			path = DTOs;
			sourceTree = "<group>";
		};
		D460DB8E2AC4FEF3009A9959 /* Utils */ = {
			isa = PBXGroup;
			children = (
				D460DB8F2AC4FF07009A9959 /* LossyDecodableList.swift */,
				D460DBB12AC6555C009A9959 /* BaseViewController.swift */,
			);
			path = Utils;
			sourceTree = "<group>";
		};
		D460DB932AC5C088009A9959 /* Extensions */ = {
			isa = PBXGroup;
			children = (
				D460DB942AC5C099009A9959 /* UITableViewCell.swift */,
				D460DB962AC5C129009A9959 /* UITableView.swift */,
				D460DBB82AC71F53009A9959 /* UINavigationController.swift */,
				D460DBC12AC75F5C009A9959 /* Double.swift */,
			);
			path = Extensions;
			sourceTree = "<group>";
		};
		D460DB982AC60312009A9959 /* ImagesRepository */ = {
			isa = PBXGroup;
			children = (
				D460DB9D2AC605C8009A9959 /* ImagesRepositoryInjection.swift */,
				D460DB992AC60324009A9959 /* ImagesRepository.swift */,
				D460DB9B2AC603AF009A9959 /* RemoteImagesRepository.swift */,
			);
			path = ImagesRepository;
			sourceTree = "<group>";
		};
		D460DBA72AC643C5009A9959 /* Coordinators */ = {
			isa = PBXGroup;
			children = (
				D460DBA82AC643D9009A9959 /* AplicationCoordinator.swift */,
				D460DBAA2AC645E6009A9959 /* SongsCoordinator.swift */,
			);
			path = Coordinators;
			sourceTree = "<group>";
		};
		D460DBAC2AC64733009A9959 /* Player */ = {
			isa = PBXGroup;
			children = (
				D460DBB32AC6562C009A9959 /* PlayerView.swift */,
				D460DBAD2AC64745009A9959 /* PlayerViewController.swift */,
				D460DBAF2AC6474D009A9959 /* PlayerViewModel.swift */,
			);
			path = Player;
			sourceTree = "<group>";
		};
		D460DBB52AC71506009A9959 /* Components */ = {
			isa = PBXGroup;
			children = (
				D460DBB62AC7152A009A9959 /* TSASlider.swift */,
				D460DBCC2AC8A9FA009A9959 /* TSASongTableViewCell.swift */,
			);
			path = Components;
			sourceTree = "<group>";
		};
		D460DBBA2AC7348D009A9959 /* Services */ = {
			isa = PBXGroup;
			children = (
				D460DBBB2AC734A5009A9959 /* MusicPlayerService.swift */,
			);
			path = Services;
			sourceTree = "<group>";
		};
		D460DBC32AC7A581009A9959 /* SongOptions */ = {
			isa = PBXGroup;
			children = (
				D460DBC42AC7A58E009A9959 /* SongOptionsView.swift */,
				D460DBC62AC7A5A6009A9959 /* SongOptionsViewController.swift */,
				D460DBC82AC7A5B1009A9959 /* SongOptionsViewModel.swift */,
			);
			path = SongOptions;
			sourceTree = "<group>";
		};
		D460DBCE2AC8AB1B009A9959 /* AlbumSongs */ = {
			isa = PBXGroup;
			children = (
				D460DBCF2AC8AB3C009A9959 /* AlbumSongsViewController.swift */,
				D460DBD12AC8AB46009A9959 /* AlbumSongsViewModel.swift */,
			);
			path = AlbumSongs;
			sourceTree = "<group>";
		};
/* End PBXGroup section */

/* Begin PBXNativeTarget section */
		D460DB372AC2585D009A9959 /* TheSongsApp */ = {
			isa = PBXNativeTarget;
			buildConfigurationList = D460DB622AC2585F009A9959 /* Build configuration list for PBXNativeTarget "TheSongsApp" */;
			buildPhases = (
				D460DB342AC2585D009A9959 /* Sources */,
				D460DB352AC2585D009A9959 /* Frameworks */,
				D460DB362AC2585D009A9959 /* Resources */,
			);
			buildRules = (
			);
			dependencies = (
			);
			name = TheSongsApp;
			productName = TheSongsApp;
			productReference = D460DB382AC2585D009A9959 /* TheSongsApp.app */;
			productType = "com.apple.product-type.application";
		};
		D460DB4D2AC2585F009A9959 /* TheSongsAppTests */ = {
			isa = PBXNativeTarget;
			buildConfigurationList = D460DB652AC2585F009A9959 /* Build configuration list for PBXNativeTarget "TheSongsAppTests" */;
			buildPhases = (
				D460DB4A2AC2585F009A9959 /* Sources */,
				D460DB4B2AC2585F009A9959 /* Frameworks */,
				D460DB4C2AC2585F009A9959 /* Resources */,
			);
			buildRules = (
			);
			dependencies = (
				D460DB502AC2585F009A9959 /* PBXTargetDependency */,
			);
			name = TheSongsAppTests;
			productName = TheSongsAppTests;
			productReference = D460DB4E2AC2585F009A9959 /* TheSongsAppTests.xctest */;
			productType = "com.apple.product-type.bundle.unit-test";
		};
		D460DB572AC2585F009A9959 /* TheSongsAppUITests */ = {
			isa = PBXNativeTarget;
			buildConfigurationList = D460DB682AC2585F009A9959 /* Build configuration list for PBXNativeTarget "TheSongsAppUITests" */;
			buildPhases = (
				D460DB542AC2585F009A9959 /* Sources */,
				D460DB552AC2585F009A9959 /* Frameworks */,
				D460DB562AC2585F009A9959 /* Resources */,
			);
			buildRules = (
			);
			dependencies = (
				D460DB5A2AC2585F009A9959 /* PBXTargetDependency */,
			);
			name = TheSongsAppUITests;
			productName = TheSongsAppUITests;
			productReference = D460DB582AC2585F009A9959 /* TheSongsAppUITests.xctest */;
			productType = "com.apple.product-type.bundle.ui-testing";
		};
/* End PBXNativeTarget section */

/* Begin PBXProject section */
		D460DB302AC2585D009A9959 /* Project object */ = {
			isa = PBXProject;
			attributes = {
				BuildIndependentTargetsInParallel = 1;
				LastSwiftUpdateCheck = 1430;
				LastUpgradeCheck = 1430;
				TargetAttributes = {
					D460DB372AC2585D009A9959 = {
						CreatedOnToolsVersion = 14.3.1;
					};
					D460DB4D2AC2585F009A9959 = {
						CreatedOnToolsVersion = 14.3.1;
						TestTargetID = D460DB372AC2585D009A9959;
					};
					D460DB572AC2585F009A9959 = {
						CreatedOnToolsVersion = 14.3.1;
						TestTargetID = D460DB372AC2585D009A9959;
					};
				};
			};
			buildConfigurationList = D460DB332AC2585D009A9959 /* Build configuration list for PBXProject "TheSongsApp" */;
			compatibilityVersion = "Xcode 14.0";
			developmentRegion = en;
			hasScannedForEncodings = 0;
			knownRegions = (
				en,
				Base,
			);
			mainGroup = D460DB2F2AC2585D009A9959;
			productRefGroup = D460DB392AC2585D009A9959 /* Products */;
			projectDirPath = "";
			projectRoot = "";
			targets = (
				D460DB372AC2585D009A9959 /* TheSongsApp */,
				D460DB4D2AC2585F009A9959 /* TheSongsAppTests */,
				D460DB572AC2585F009A9959 /* TheSongsAppUITests */,
			);
		};
/* End PBXProject section */

/* Begin PBXResourcesBuildPhase section */
		D460DB362AC2585D009A9959 /* Resources */ = {
			isa = PBXResourcesBuildPhase;
			buildActionMask = 2147483647;
			files = (
				D460DB482AC2585F009A9959 /* LaunchScreen.storyboard in Resources */,
				D460DB452AC2585F009A9959 /* Assets.xcassets in Resources */,
			);
			runOnlyForDeploymentPostprocessing = 0;
		};
		D460DB4C2AC2585F009A9959 /* Resources */ = {
			isa = PBXResourcesBuildPhase;
			buildActionMask = 2147483647;
			files = (
			);
			runOnlyForDeploymentPostprocessing = 0;
		};
		D460DB562AC2585F009A9959 /* Resources */ = {
			isa = PBXResourcesBuildPhase;
			buildActionMask = 2147483647;
			files = (
			);
			runOnlyForDeploymentPostprocessing = 0;
		};
/* End PBXResourcesBuildPhase section */

/* Begin PBXSourcesBuildPhase section */
		D460DB342AC2585D009A9959 /* Sources */ = {
			isa = PBXSourcesBuildPhase;
			buildActionMask = 2147483647;
			files = (
				D460DB7A2AC3C1C9009A9959 /* EndpointsProtocol.swift in Sources */,
				D460DB952AC5C099009A9959 /* UITableViewCell.swift in Sources */,
				D460DBA62AC64375009A9959 /* CoordinatorProtocol.swift in Sources */,
				D460DBB42AC6562C009A9959 /* PlayerView.swift in Sources */,
				D460DB7C2AC3C2F2009A9959 /* ITunesAPIEndpoint.swift in Sources */,
				D460DB922AC5C02D009A9959 /* ReusableCellProtocol.swift in Sources */,
				D460DBB02AC6474D009A9959 /* PlayerViewModel.swift in Sources */,
				D460DB7F2AC3C609009A9959 /* SongsRepository.swift in Sources */,
				D460DB9C2AC603AF009A9959 /* RemoteImagesRepository.swift in Sources */,
				D460DBB92AC71F53009A9959 /* UINavigationController.swift in Sources */,
				D460DB3C2AC2585D009A9959 /* AppDelegate.swift in Sources */,
				D460DB8D2AC4DC8B009A9959 /* DTOProtocol.swift in Sources */,
				D460DBC72AC7A5A6009A9959 /* SongOptionsViewController.swift in Sources */,
				D460DBC22AC75F5C009A9959 /* Double.swift in Sources */,
				D460DB9A2AC60324009A9959 /* ImagesRepository.swift in Sources */,
				D460DBA92AC643D9009A9959 /* AplicationCoordinator.swift in Sources */,
				D460DBBC2AC734A5009A9959 /* MusicPlayerService.swift in Sources */,
				D460DB892AC4D787009A9959 /* ITunesAPISongsListDTO.swift in Sources */,
				D460DBD42AC8AC9C009A9959 /* AlbumModel.swift in Sources */,
				D460DB3E2AC2585D009A9959 /* SceneDelegate.swift in Sources */,
				D460DB9E2AC605C8009A9959 /* ImagesRepositoryInjection.swift in Sources */,
				D460DBA02AC6060B009A9959 /* SongsRepositoryInjection.swift in Sources */,
				D460DB862AC4D744009A9959 /* ITunesAPISongsRepository.swift in Sources */,
				D460DBB72AC7152A009A9959 /* TSASlider.swift in Sources */,
				D460DB732AC3B541009A9959 /* SongSearchViewModel.swift in Sources */,
				D460DB972AC5C129009A9959 /* UITableView.swift in Sources */,
				D460DBAE2AC64745009A9959 /* PlayerViewController.swift in Sources */,
				D460DB902AC4FF07009A9959 /* LossyDecodableList.swift in Sources */,
				D460DBC92AC7A5B1009A9959 /* SongOptionsViewModel.swift in Sources */,
				D460DBA42AC6084F009A9959 /* WebServiceInjection.swift in Sources */,
				D460DBD02AC8AB3C009A9959 /* AlbumSongsViewController.swift in Sources */,
				D460DB822AC3C644009A9959 /* SongModel.swift in Sources */,
				D460DBA22AC60800009A9959 /* WebServiceProtocol.swift in Sources */,
				D460DB772AC3C19F009A9959 /* WebService.swift in Sources */,
				D460DBC52AC7A58E009A9959 /* SongOptionsView.swift in Sources */,
				D460DBCD2AC8A9FA009A9959 /* TSASongTableViewCell.swift in Sources */,
				D460DBD22AC8AB46009A9959 /* AlbumSongsViewModel.swift in Sources */,
				D460DB712AC3B532009A9959 /* SongSearchViewController.swift in Sources */,
				D460DB8B2AC4D797009A9959 /* ITunesAPISongDTO.swift in Sources */,
				D460DBAB2AC645E7009A9959 /* SongsCoordinator.swift in Sources */,
				D460DBB22AC6555C009A9959 /* BaseViewController.swift in Sources */,
			);
			runOnlyForDeploymentPostprocessing = 0;
		};
		D460DB4A2AC2585F009A9959 /* Sources */ = {
			isa = PBXSourcesBuildPhase;
			buildActionMask = 2147483647;
			files = (
				D460DB532AC2585F009A9959 /* TheSongsAppTests.swift in Sources */,
			);
			runOnlyForDeploymentPostprocessing = 0;
		};
		D460DB542AC2585F009A9959 /* Sources */ = {
			isa = PBXSourcesBuildPhase;
			buildActionMask = 2147483647;
			files = (
				D460DB5D2AC2585F009A9959 /* TheSongsAppUITests.swift in Sources */,
				D460DB5F2AC2585F009A9959 /* TheSongsAppUITestsLaunchTests.swift in Sources */,
			);
			runOnlyForDeploymentPostprocessing = 0;
		};
/* End PBXSourcesBuildPhase section */

/* Begin PBXTargetDependency section */
		D460DB502AC2585F009A9959 /* PBXTargetDependency */ = {
			isa = PBXTargetDependency;
			target = D460DB372AC2585D009A9959 /* TheSongsApp */;
			targetProxy = D460DB4F2AC2585F009A9959 /* PBXContainerItemProxy */;
		};
		D460DB5A2AC2585F009A9959 /* PBXTargetDependency */ = {
			isa = PBXTargetDependency;
			target = D460DB372AC2585D009A9959 /* TheSongsApp */;
			targetProxy = D460DB592AC2585F009A9959 /* PBXContainerItemProxy */;
		};
/* End PBXTargetDependency section */

/* Begin PBXVariantGroup section */
		D460DB462AC2585F009A9959 /* LaunchScreen.storyboard */ = {
			isa = PBXVariantGroup;
			children = (
				D460DB472AC2585F009A9959 /* Base */,
			);
			name = LaunchScreen.storyboard;
			sourceTree = "<group>";
		};
/* End PBXVariantGroup section */

/* Begin XCBuildConfiguration section */
		D460DB602AC2585F009A9959 /* Debug */ = {
			isa = XCBuildConfiguration;
			buildSettings = {
				ALWAYS_SEARCH_USER_PATHS = NO;
				CLANG_ANALYZER_NONNULL = YES;
				CLANG_ANALYZER_NUMBER_OBJECT_CONVERSION = YES_AGGRESSIVE;
				CLANG_CXX_LANGUAGE_STANDARD = "gnu++20";
				CLANG_ENABLE_MODULES = YES;
				CLANG_ENABLE_OBJC_ARC = YES;
				CLANG_ENABLE_OBJC_WEAK = YES;
				CLANG_WARN_BLOCK_CAPTURE_AUTORELEASING = YES;
				CLANG_WARN_BOOL_CONVERSION = YES;
				CLANG_WARN_COMMA = YES;
				CLANG_WARN_CONSTANT_CONVERSION = YES;
				CLANG_WARN_DEPRECATED_OBJC_IMPLEMENTATIONS = YES;
				CLANG_WARN_DIRECT_OBJC_ISA_USAGE = YES_ERROR;
				CLANG_WARN_DOCUMENTATION_COMMENTS = YES;
				CLANG_WARN_EMPTY_BODY = YES;
				CLANG_WARN_ENUM_CONVERSION = YES;
				CLANG_WARN_INFINITE_RECURSION = YES;
				CLANG_WARN_INT_CONVERSION = YES;
				CLANG_WARN_NON_LITERAL_NULL_CONVERSION = YES;
				CLANG_WARN_OBJC_IMPLICIT_RETAIN_SELF = YES;
				CLANG_WARN_OBJC_LITERAL_CONVERSION = YES;
				CLANG_WARN_OBJC_ROOT_CLASS = YES_ERROR;
				CLANG_WARN_QUOTED_INCLUDE_IN_FRAMEWORK_HEADER = YES;
				CLANG_WARN_RANGE_LOOP_ANALYSIS = YES;
				CLANG_WARN_STRICT_PROTOTYPES = YES;
				CLANG_WARN_SUSPICIOUS_MOVE = YES;
				CLANG_WARN_UNGUARDED_AVAILABILITY = YES_AGGRESSIVE;
				CLANG_WARN_UNREACHABLE_CODE = YES;
				CLANG_WARN__DUPLICATE_METHOD_MATCH = YES;
				COPY_PHASE_STRIP = NO;
				DEBUG_INFORMATION_FORMAT = dwarf;
				ENABLE_STRICT_OBJC_MSGSEND = YES;
				ENABLE_TESTABILITY = YES;
				GCC_C_LANGUAGE_STANDARD = gnu11;
				GCC_DYNAMIC_NO_PIC = NO;
				GCC_NO_COMMON_BLOCKS = YES;
				GCC_OPTIMIZATION_LEVEL = 0;
				GCC_PREPROCESSOR_DEFINITIONS = (
					"DEBUG=1",
					"$(inherited)",
				);
				GCC_WARN_64_TO_32_BIT_CONVERSION = YES;
				GCC_WARN_ABOUT_RETURN_TYPE = YES_ERROR;
				GCC_WARN_UNDECLARED_SELECTOR = YES;
				GCC_WARN_UNINITIALIZED_AUTOS = YES_AGGRESSIVE;
				GCC_WARN_UNUSED_FUNCTION = YES;
				GCC_WARN_UNUSED_VARIABLE = YES;
				IPHONEOS_DEPLOYMENT_TARGET = 16.4;
				MTL_ENABLE_DEBUG_INFO = INCLUDE_SOURCE;
				MTL_FAST_MATH = YES;
				ONLY_ACTIVE_ARCH = YES;
				SDKROOT = iphoneos;
				SWIFT_ACTIVE_COMPILATION_CONDITIONS = DEBUG;
				SWIFT_OPTIMIZATION_LEVEL = "-Onone";
			};
			name = Debug;
		};
		D460DB612AC2585F009A9959 /* Release */ = {
			isa = XCBuildConfiguration;
			buildSettings = {
				ALWAYS_SEARCH_USER_PATHS = NO;
				CLANG_ANALYZER_NONNULL = YES;
				CLANG_ANALYZER_NUMBER_OBJECT_CONVERSION = YES_AGGRESSIVE;
				CLANG_CXX_LANGUAGE_STANDARD = "gnu++20";
				CLANG_ENABLE_MODULES = YES;
				CLANG_ENABLE_OBJC_ARC = YES;
				CLANG_ENABLE_OBJC_WEAK = YES;
				CLANG_WARN_BLOCK_CAPTURE_AUTORELEASING = YES;
				CLANG_WARN_BOOL_CONVERSION = YES;
				CLANG_WARN_COMMA = YES;
				CLANG_WARN_CONSTANT_CONVERSION = YES;
				CLANG_WARN_DEPRECATED_OBJC_IMPLEMENTATIONS = YES;
				CLANG_WARN_DIRECT_OBJC_ISA_USAGE = YES_ERROR;
				CLANG_WARN_DOCUMENTATION_COMMENTS = YES;
				CLANG_WARN_EMPTY_BODY = YES;
				CLANG_WARN_ENUM_CONVERSION = YES;
				CLANG_WARN_INFINITE_RECURSION = YES;
				CLANG_WARN_INT_CONVERSION = YES;
				CLANG_WARN_NON_LITERAL_NULL_CONVERSION = YES;
				CLANG_WARN_OBJC_IMPLICIT_RETAIN_SELF = YES;
				CLANG_WARN_OBJC_LITERAL_CONVERSION = YES;
				CLANG_WARN_OBJC_ROOT_CLASS = YES_ERROR;
				CLANG_WARN_QUOTED_INCLUDE_IN_FRAMEWORK_HEADER = YES;
				CLANG_WARN_RANGE_LOOP_ANALYSIS = YES;
				CLANG_WARN_STRICT_PROTOTYPES = YES;
				CLANG_WARN_SUSPICIOUS_MOVE = YES;
				CLANG_WARN_UNGUARDED_AVAILABILITY = YES_AGGRESSIVE;
				CLANG_WARN_UNREACHABLE_CODE = YES;
				CLANG_WARN__DUPLICATE_METHOD_MATCH = YES;
				COPY_PHASE_STRIP = NO;
				DEBUG_INFORMATION_FORMAT = "dwarf-with-dsym";
				ENABLE_NS_ASSERTIONS = NO;
				ENABLE_STRICT_OBJC_MSGSEND = YES;
				GCC_C_LANGUAGE_STANDARD = gnu11;
				GCC_NO_COMMON_BLOCKS = YES;
				GCC_WARN_64_TO_32_BIT_CONVERSION = YES;
				GCC_WARN_ABOUT_RETURN_TYPE = YES_ERROR;
				GCC_WARN_UNDECLARED_SELECTOR = YES;
				GCC_WARN_UNINITIALIZED_AUTOS = YES_AGGRESSIVE;
				GCC_WARN_UNUSED_FUNCTION = YES;
				GCC_WARN_UNUSED_VARIABLE = YES;
				IPHONEOS_DEPLOYMENT_TARGET = 16.4;
				MTL_ENABLE_DEBUG_INFO = NO;
				MTL_FAST_MATH = YES;
				SDKROOT = iphoneos;
				SWIFT_COMPILATION_MODE = wholemodule;
				SWIFT_OPTIMIZATION_LEVEL = "-O";
				VALIDATE_PRODUCT = YES;
			};
			name = Release;
		};
		D460DB632AC2585F009A9959 /* Debug */ = {
			isa = XCBuildConfiguration;
			buildSettings = {
				ASSETCATALOG_COMPILER_APPICON_NAME = AppIcon;
				ASSETCATALOG_COMPILER_GLOBAL_ACCENT_COLOR_NAME = AccentColor;
				CODE_SIGN_STYLE = Automatic;
				CURRENT_PROJECT_VERSION = 1;
				DEVELOPMENT_TEAM = F8Q8C944BU;
				GENERATE_INFOPLIST_FILE = YES;
				INFOPLIST_FILE = TheSongsApp/Application/Info.plist;
				INFOPLIST_KEY_UIApplicationSupportsIndirectInputEvents = YES;
				INFOPLIST_KEY_UILaunchStoryboardName = LaunchScreen;
				INFOPLIST_KEY_UIMainStoryboardFile = "";
				INFOPLIST_KEY_UISupportedInterfaceOrientations_iPad = "UIInterfaceOrientationPortrait UIInterfaceOrientationPortraitUpsideDown UIInterfaceOrientationLandscapeLeft UIInterfaceOrientationLandscapeRight";
				INFOPLIST_KEY_UISupportedInterfaceOrientations_iPhone = "UIInterfaceOrientationPortrait UIInterfaceOrientationLandscapeLeft UIInterfaceOrientationLandscapeRight";
				LD_RUNPATH_SEARCH_PATHS = (
					"$(inherited)",
					"@executable_path/Frameworks",
				);
				MARKETING_VERSION = 1.0;
				PRODUCT_BUNDLE_IDENTIFIER = com.fredlacis.TheSongsApp;
				PRODUCT_NAME = "$(TARGET_NAME)";
				SWIFT_EMIT_LOC_STRINGS = YES;
				SWIFT_VERSION = 5.0;
				TARGETED_DEVICE_FAMILY = "1,2";
			};
			name = Debug;
		};
		D460DB642AC2585F009A9959 /* Release */ = {
			isa = XCBuildConfiguration;
			buildSettings = {
				ASSETCATALOG_COMPILER_APPICON_NAME = AppIcon;
				ASSETCATALOG_COMPILER_GLOBAL_ACCENT_COLOR_NAME = AccentColor;
				CODE_SIGN_STYLE = Automatic;
				CURRENT_PROJECT_VERSION = 1;
				DEVELOPMENT_TEAM = F8Q8C944BU;
				GENERATE_INFOPLIST_FILE = YES;
				INFOPLIST_FILE = TheSongsApp/Application/Info.plist;
				INFOPLIST_KEY_UIApplicationSupportsIndirectInputEvents = YES;
				INFOPLIST_KEY_UILaunchStoryboardName = LaunchScreen;
				INFOPLIST_KEY_UIMainStoryboardFile = "";
				INFOPLIST_KEY_UISupportedInterfaceOrientations_iPad = "UIInterfaceOrientationPortrait UIInterfaceOrientationPortraitUpsideDown UIInterfaceOrientationLandscapeLeft UIInterfaceOrientationLandscapeRight";
				INFOPLIST_KEY_UISupportedInterfaceOrientations_iPhone = "UIInterfaceOrientationPortrait UIInterfaceOrientationLandscapeLeft UIInterfaceOrientationLandscapeRight";
				LD_RUNPATH_SEARCH_PATHS = (
					"$(inherited)",
					"@executable_path/Frameworks",
				);
				MARKETING_VERSION = 1.0;
				PRODUCT_BUNDLE_IDENTIFIER = com.fredlacis.TheSongsApp;
				PRODUCT_NAME = "$(TARGET_NAME)";
				SWIFT_EMIT_LOC_STRINGS = YES;
				SWIFT_VERSION = 5.0;
				TARGETED_DEVICE_FAMILY = "1,2";
			};
			name = Release;
		};
		D460DB662AC2585F009A9959 /* Debug */ = {
			isa = XCBuildConfiguration;
			buildSettings = {
				ALWAYS_EMBED_SWIFT_STANDARD_LIBRARIES = YES;
				BUNDLE_LOADER = "$(TEST_HOST)";
				CODE_SIGN_STYLE = Automatic;
				CURRENT_PROJECT_VERSION = 1;
				DEVELOPMENT_TEAM = F8Q8C944BU;
				GENERATE_INFOPLIST_FILE = YES;
				IPHONEOS_DEPLOYMENT_TARGET = 16.4;
				MARKETING_VERSION = 1.0;
				PRODUCT_BUNDLE_IDENTIFIER = com.fredlacis.TheSongsAppTests;
				PRODUCT_NAME = "$(TARGET_NAME)";
				SWIFT_EMIT_LOC_STRINGS = NO;
				SWIFT_VERSION = 5.0;
				TARGETED_DEVICE_FAMILY = "1,2";
				TEST_HOST = "$(BUILT_PRODUCTS_DIR)/TheSongsApp.app/$(BUNDLE_EXECUTABLE_FOLDER_PATH)/TheSongsApp";
			};
			name = Debug;
		};
		D460DB672AC2585F009A9959 /* Release */ = {
			isa = XCBuildConfiguration;
			buildSettings = {
				ALWAYS_EMBED_SWIFT_STANDARD_LIBRARIES = YES;
				BUNDLE_LOADER = "$(TEST_HOST)";
				CODE_SIGN_STYLE = Automatic;
				CURRENT_PROJECT_VERSION = 1;
				DEVELOPMENT_TEAM = F8Q8C944BU;
				GENERATE_INFOPLIST_FILE = YES;
				IPHONEOS_DEPLOYMENT_TARGET = 16.4;
				MARKETING_VERSION = 1.0;
				PRODUCT_BUNDLE_IDENTIFIER = com.fredlacis.TheSongsAppTests;
				PRODUCT_NAME = "$(TARGET_NAME)";
				SWIFT_EMIT_LOC_STRINGS = NO;
				SWIFT_VERSION = 5.0;
				TARGETED_DEVICE_FAMILY = "1,2";
				TEST_HOST = "$(BUILT_PRODUCTS_DIR)/TheSongsApp.app/$(BUNDLE_EXECUTABLE_FOLDER_PATH)/TheSongsApp";
			};
			name = Release;
		};
		D460DB692AC2585F009A9959 /* Debug */ = {
			isa = XCBuildConfiguration;
			buildSettings = {
				ALWAYS_EMBED_SWIFT_STANDARD_LIBRARIES = YES;
				CODE_SIGN_STYLE = Automatic;
				CURRENT_PROJECT_VERSION = 1;
				DEVELOPMENT_TEAM = F8Q8C944BU;
				GENERATE_INFOPLIST_FILE = YES;
				MARKETING_VERSION = 1.0;
				PRODUCT_BUNDLE_IDENTIFIER = com.fredlacis.TheSongsAppUITests;
				PRODUCT_NAME = "$(TARGET_NAME)";
				SWIFT_EMIT_LOC_STRINGS = NO;
				SWIFT_VERSION = 5.0;
				TARGETED_DEVICE_FAMILY = "1,2";
				TEST_TARGET_NAME = TheSongsApp;
			};
			name = Debug;
		};
		D460DB6A2AC2585F009A9959 /* Release */ = {
			isa = XCBuildConfiguration;
			buildSettings = {
				ALWAYS_EMBED_SWIFT_STANDARD_LIBRARIES = YES;
				CODE_SIGN_STYLE = Automatic;
				CURRENT_PROJECT_VERSION = 1;
				DEVELOPMENT_TEAM = F8Q8C944BU;
				GENERATE_INFOPLIST_FILE = YES;
				MARKETING_VERSION = 1.0;
				PRODUCT_BUNDLE_IDENTIFIER = com.fredlacis.TheSongsAppUITests;
				PRODUCT_NAME = "$(TARGET_NAME)";
				SWIFT_EMIT_LOC_STRINGS = NO;
				SWIFT_VERSION = 5.0;
				TARGETED_DEVICE_FAMILY = "1,2";
				TEST_TARGET_NAME = TheSongsApp;
			};
			name = Release;
		};
/* End XCBuildConfiguration section */

/* Begin XCConfigurationList section */
		D460DB332AC2585D009A9959 /* Build configuration list for PBXProject "TheSongsApp" */ = {
			isa = XCConfigurationList;
			buildConfigurations = (
				D460DB602AC2585F009A9959 /* Debug */,
				D460DB612AC2585F009A9959 /* Release */,
			);
			defaultConfigurationIsVisible = 0;
			defaultConfigurationName = Release;
		};
		D460DB622AC2585F009A9959 /* Build configuration list for PBXNativeTarget "TheSongsApp" */ = {
			isa = XCConfigurationList;
			buildConfigurations = (
				D460DB632AC2585F009A9959 /* Debug */,
				D460DB642AC2585F009A9959 /* Release */,
			);
			defaultConfigurationIsVisible = 0;
			defaultConfigurationName = Release;
		};
		D460DB652AC2585F009A9959 /* Build configuration list for PBXNativeTarget "TheSongsAppTests" */ = {
			isa = XCConfigurationList;
			buildConfigurations = (
				D460DB662AC2585F009A9959 /* Debug */,
				D460DB672AC2585F009A9959 /* Release */,
			);
			defaultConfigurationIsVisible = 0;
			defaultConfigurationName = Release;
		};
		D460DB682AC2585F009A9959 /* Build configuration list for PBXNativeTarget "TheSongsAppUITests" */ = {
			isa = XCConfigurationList;
			buildConfigurations = (
				D460DB692AC2585F009A9959 /* Debug */,
				D460DB6A2AC2585F009A9959 /* Release */,
			);
			defaultConfigurationIsVisible = 0;
			defaultConfigurationName = Release;
		};
/* End XCConfigurationList section */
	};
	rootObject = D460DB302AC2585D009A9959 /* Project object */;
}
